
Microsoft Visual Studio Solution File, Format Version 12.00
# Visual Studio 15
VisualStudioVersion = 15.0.28307.489
MinimumVisualStudioVersion = 10.0.40219.1
Project("{FAE04EC0-301F-11D3-BF4B-00C04F79EFBC}") = "AppPerson", "AppPerson\AppPerson.csproj", "{53BB72EB-02F3-44F5-8EFA-8ED71064E5E8}"
EndProject
Global
	GlobalSection(SolutionConfigurationPlatforms) = preSolution
		Debug|Any CPU = Debug|Any CPU
		Release|Any CPU = Release|Any CPU
	EndGlobalSection
	GlobalSection(ProjectConfigurationPlatforms) = postSolution
		{53BB72EB-02F3-44F5-8EFA-8ED71064E5E8}.Debug|Any CPU.ActiveCfg = Debug|Any CPU
		{53BB72EB-02F3-44F5-8EFA-8ED71064E5E8}.Debug|Any CPU.Build.0 = Debug|Any CPU
		{53BB72EB-02F3-44F5-8EFA-8ED71064E5E8}.Release|Any CPU.ActiveCfg = Release|Any CPU
		{53BB72EB-02F3-44F5-8EFA-8ED71064E5E8}.Release|Any CPU.Build.0 = Release|Any CPU
	EndGlobalSection
	GlobalSection(SolutionProperties) = preSolution
		HideSolutionNode = FALSE
	EndGlobalSection
	GlobalSection(ExtensibilityGlobals) = postSolution
		SolutionGuid = {36E42E22-161C-432C-8B86-31A41A8EB84D}
	EndGlobalSection
EndGlobal
